
Microsoft Visual Studio Solution File, Format Version 12.00
# Visual Studio Version 17
VisualStudioVersion = 17.6.33723.286
MinimumVisualStudioVersion = 10.0.40219.1
Project("{FAE04EC0-301F-11D3-BF4B-00C04F79EFBC}") = "OpenCiv1", "OpenCiv1\OpenCiv1.csproj", "{55F5F1A4-2E16-46FC-90E1-8E8E52869226}"
EndProject
Global
	GlobalSection(SolutionConfigurationPlatforms) = preSolution
		Debug|Any CPU = Debug|Any CPU
		Release|Any CPU = Release|Any CPU
	EndGlobalSection
	GlobalSection(ProjectConfigurationPlatforms) = postSolution
		{55F5F1A4-2E16-46FC-90E1-8E8E52869226}.Debug|Any CPU.ActiveCfg = Debug|Any CPU
		{55F5F1A4-2E16-46FC-90E1-8E8E52869226}.Debug|Any CPU.Build.0 = Debug|Any CPU
		{55F5F1A4-2E16-46FC-90E1-8E8E52869226}.Release|Any CPU.ActiveCfg = Release|Any CPU
		{55F5F1A4-2E16-46FC-90E1-8E8E52869226}.Release|Any CPU.Build.0 = Release|Any CPU
	EndGlobalSection
	GlobalSection(SolutionProperties) = preSolution
		HideSolutionNode = FALSE
	EndGlobalSection
		GlobalSection(ExtensibilityGlobals) = postSolution
		SolutionGuid = {0341100A-257F-42BD-BB34-625C806DEF6F}
	EndGlobalSection
EndGlobal
